
Microsoft Visual Studio Solution File, Format Version 12.00
# Visual Studio Version 17
VisualStudioVersion = 17.11.35222.181
MinimumVisualStudioVersion = 10.0.40219.1
Project("{FAE04EC0-301F-11D3-BF4B-00C04F79EFBC}") = "Figury", "Figury.csproj", "{93D2B42C-949C-41CF-9904-7617ADF26573}"
EndProject
Global
	GlobalSection(SolutionConfigurationPlatforms) = preSolution
		Debug|Any CPU = Debug|Any CPU
		Release|Any CPU = Release|Any CPU
	EndGlobalSection
	GlobalSection(ProjectConfigurationPlatforms) = postSolution
		{93D2B42C-949C-41CF-9904-7617ADF26573}.Debug|Any CPU.ActiveCfg = Debug|Any CPU
		{93D2B42C-949C-41CF-9904-7617ADF26573}.Debug|Any CPU.Build.0 = Debug|Any CPU
		{93D2B42C-949C-41CF-9904-7617ADF26573}.Release|Any CPU.ActiveCfg = Release|Any CPU
		{93D2B42C-949C-41CF-9904-7617ADF26573}.Release|Any CPU.Build.0 = Release|Any CPU
	EndGlobalSection
	GlobalSection(SolutionProperties) = preSolution
		HideSolutionNode = FALSE
	EndGlobalSection
	GlobalSection(ExtensibilityGlobals) = postSolution
		SolutionGuid = {3F963EA9-56E4-49A2-86E9-4282B972EEAF}
	EndGlobalSection
EndGlobal
